{
  "name": "HSBC App",
  "lockfileVersion": 3,
  "requires": true,
  "packages": {
    "": {
      "devDependencies": {
        "cypress-recurse": "^1.35.3"
      }
    },
    "node_modules/cypress-recurse": {
      "version": "1.35.3",
      "resolved": "https://registry.npmjs.org/cypress-recurse/-/cypress-recurse-1.35.3.tgz",
      "integrity": "sha512-NbFOpEuZT4tFqAB0jQqel7WtVNDe8pvSHE2TfXvYk4pspf3wq98OC2RhhLn3bMnoCnPtY4IHO7e37c+CZ9HnMA==",
      "dev": true,
      "dependencies": {
        "humanize-duration": "^3.27.3"
      }
    },
    "node_modules/humanize-duration": {
      "version": "3.32.1",
      "resolved": "https://registry.npmjs.org/humanize-duration/-/humanize-duration-3.32.1.tgz",
      "integrity": "sha512-inh5wue5XdfObhu/IGEMiA1nUXigSGcaKNemcbLRKa7jXYGDZXr3LoT9pTIzq2hPEbld7w/qv9h+ikWGz8fL1g==",
      "dev": true
    }
  }
}
